
Microsoft Visual Studio Solution File, Format Version 12.00
Project("{FAE04EC0-301F-11D3-BF4B-00C04F79EFBC}") = "ExampleMinimal", "ExampleMinimal\ExampleMinimal.csproj", "{73E0DA5C-862D-4F2E-9DE7-6926B5A2EA5E}"
EndProject
Project("{2150E333-8FDC-42A3-9474-1A3956D46DE8}") = "Solution Items", "Solution Items", "{DB82954D-F2D1-4491-A2C8-20CD7DE79C3D}"
	ProjectSection(SolutionItems) = preProject
		compose.yaml = compose.yaml
	EndProjectSection
EndProject
Global
	GlobalSection(SolutionConfigurationPlatforms) = preSolution
		Debug|Any CPU = Debug|Any CPU
		Release|Any CPU = Release|Any CPU
	EndGlobalSection
	GlobalSection(ProjectConfigurationPlatforms) = postSolution
		{73E0DA5C-862D-4F2E-9DE7-6926B5A2EA5E}.Debug|Any CPU.ActiveCfg = Debug|Any CPU
		{73E0DA5C-862D-4F2E-9DE7-6926B5A2EA5E}.Debug|Any CPU.Build.0 = Debug|Any CPU
		{73E0DA5C-862D-4F2E-9DE7-6926B5A2EA5E}.Release|Any CPU.ActiveCfg = Release|Any CPU
		{73E0DA5C-862D-4F2E-9DE7-6926B5A2EA5E}.Release|Any CPU.Build.0 = Release|Any CPU
	EndGlobalSection
EndGlobal
